
Microsoft Visual Studio Solution File, Format Version 12.00
# Visual Studio Version 16
VisualStudioVersion = 16.0.29613.14
MinimumVisualStudioVersion = 10.0.40219.1
Project("{FAE04EC0-301F-11D3-BF4B-00C04F79EFBC}") = "FormDesigner-CS2IPY", "FormDesigner-CS2IPY\FormDesigner-CS2IPY.csproj", "{2363AEB7-19C6-4C10-8820-F9E4046D727F}"
EndProject
Global
	GlobalSection(SolutionConfigurationPlatforms) = preSolution
		Debug|Any CPU = Debug|Any CPU
		Release|Any CPU = Release|Any CPU
	EndGlobalSection
	GlobalSection(ProjectConfigurationPlatforms) = postSolution
		{2363AEB7-19C6-4C10-8820-F9E4046D727F}.Debug|Any CPU.ActiveCfg = Debug|Any CPU
		{2363AEB7-19C6-4C10-8820-F9E4046D727F}.Debug|Any CPU.Build.0 = Debug|Any CPU
		{2363AEB7-19C6-4C10-8820-F9E4046D727F}.Release|Any CPU.ActiveCfg = Release|Any CPU
		{2363AEB7-19C6-4C10-8820-F9E4046D727F}.Release|Any CPU.Build.0 = Release|Any CPU
	EndGlobalSection
	GlobalSection(SolutionProperties) = preSolution
		HideSolutionNode = FALSE
	EndGlobalSection
	GlobalSection(ExtensibilityGlobals) = postSolution
		SolutionGuid = {8B4D194B-C191-4EFA-BF8E-7950BDCE841E}
	EndGlobalSection
EndGlobal
